{
  "name": "krevent",
  "version": "1.0.3",
  "lockfileVersion": 1,
  "requires": true,
  "dependencies": {
    "@mcbe/dummy-console": {
      "version": "1.0.4",
      "resolved": "https://registry.npmjs.org/@mcbe/dummy-console/-/dummy-console-1.0.4.tgz",
      "integrity": "sha512-KA7xQf51Eay/OIb4eVnhbslH2cRfrx1q/PzonkvUyXdVFhyx4mbq8hyqb6KUkDcMMpjTkHXTYh3yccxwx9IpVQ=="
    }
  }
}
