{
  "name": "krevent",
  "version": "2.2.1",
  "lockfileVersion": 2,
  "requires": true,
  "packages": {
    "": {
      "version": "2.2.1",
      "license": "ISC",
      "dependencies": {
        "@mcbe/dummy-console": "^2.0.4"
      }
    },
    "node_modules/@mcbe/dummy-console": {
      "version": "2.0.4",
      "resolved": "https://registry.npmjs.org/@mcbe/dummy-console/-/dummy-console-2.0.4.tgz",
      "integrity": "sha512-0u2vk+VFFfX+dFKzaHY7PzTvVniXKB5EJncwn8D3nP04ZKO16INPUs0NsdZEPye4M55/J1QCdXlqJL3u9WJZKA=="
    }
  },
  "dependencies": {
    "@mcbe/dummy-console": {
      "version": "2.0.4",
      "resolved": "https://registry.npmjs.org/@mcbe/dummy-console/-/dummy-console-2.0.4.tgz",
      "integrity": "sha512-0u2vk+VFFfX+dFKzaHY7PzTvVniXKB5EJncwn8D3nP04ZKO16INPUs0NsdZEPye4M55/J1QCdXlqJL3u9WJZKA=="
    }
  }
}
